
Microsoft Visual Studio Solution File, Format Version 12.00
# Visual Studio 15
VisualStudioVersion = 15.0.28307.645
MinimumVisualStudioVersion = 10.0.40219.1
Project("{FAE04EC0-301F-11D3-BF4B-00C04F79EFBC}") = "KRFServerLauncher", "KRFServerLauncher\KRFServerLauncher.csproj", "{AFBEA576-DF8D-410B-AFB6-E68A48A63F95}"
EndProject
Global
	GlobalSection(SolutionConfigurationPlatforms) = preSolution
		Debug|Any CPU = Debug|Any CPU
		Release|Any CPU = Release|Any CPU
	EndGlobalSection
	GlobalSection(ProjectConfigurationPlatforms) = postSolution
		{AFBEA576-DF8D-410B-AFB6-E68A48A63F95}.Debug|Any CPU.ActiveCfg = Debug|Any CPU
		{AFBEA576-DF8D-410B-AFB6-E68A48A63F95}.Debug|Any CPU.Build.0 = Debug|Any CPU
		{AFBEA576-DF8D-410B-AFB6-E68A48A63F95}.Release|Any CPU.ActiveCfg = Release|Any CPU
		{AFBEA576-DF8D-410B-AFB6-E68A48A63F95}.Release|Any CPU.Build.0 = Release|Any CPU
	EndGlobalSection
	GlobalSection(SolutionProperties) = preSolution
		HideSolutionNode = FALSE
	EndGlobalSection
	GlobalSection(ExtensibilityGlobals) = postSolution
		SolutionGuid = {B0773D19-9DD5-491A-9F4E-B2BF8DA0FF6E}
	EndGlobalSection
EndGlobal
