
Microsoft Visual Studio Solution File, Format Version 12.00
# Visual Studio 15
VisualStudioVersion = 15.0.28307.645
MinimumVisualStudioVersion = 10.0.40219.1
Project("{FAE04EC0-301F-11D3-BF4B-00C04F79EFBC}") = "RSModulePrototype", "RSModulePrototype\RSModulePrototype.csproj", "{612B5B34-8943-458B-850D-E4E128F1D242}"
EndProject
Global
	GlobalSection(SolutionConfigurationPlatforms) = preSolution
		Debug|Any CPU = Debug|Any CPU
		Release|Any CPU = Release|Any CPU
	EndGlobalSection
	GlobalSection(ProjectConfigurationPlatforms) = postSolution
		{612B5B34-8943-458B-850D-E4E128F1D242}.Debug|Any CPU.ActiveCfg = Debug|Any CPU
		{612B5B34-8943-458B-850D-E4E128F1D242}.Debug|Any CPU.Build.0 = Debug|Any CPU
		{612B5B34-8943-458B-850D-E4E128F1D242}.Release|Any CPU.ActiveCfg = Release|Any CPU
		{612B5B34-8943-458B-850D-E4E128F1D242}.Release|Any CPU.Build.0 = Release|Any CPU
	EndGlobalSection
	GlobalSection(SolutionProperties) = preSolution
		HideSolutionNode = FALSE
	EndGlobalSection
	GlobalSection(ExtensibilityGlobals) = postSolution
		SolutionGuid = {18838635-9F74-4F1A-96A4-824DE38A86DE}
	EndGlobalSection
EndGlobal
